
Microsoft Visual Studio Solution File, Format Version 12.00
# Visual Studio Version 17
VisualStudioVersion = 17.10.35027.167
MinimumVisualStudioVersion = 10.0.40219.1
Project("{FAE04EC0-301F-11D3-BF4B-00C04F79EFBC}") = "Trainings.Gfx", "Trainings.Gfx\Trainings.Gfx.csproj", "{0091C8B4-9423-4821-A5C2-C7502C72791E}"
EndProject
Global
	GlobalSection(SolutionConfigurationPlatforms) = preSolution
		Debug|Any CPU = Debug|Any CPU
		Release|Any CPU = Release|Any CPU
	EndGlobalSection
	GlobalSection(ProjectConfigurationPlatforms) = postSolution
		{0091C8B4-9423-4821-A5C2-C7502C72791E}.Debug|Any CPU.ActiveCfg = Debug|Any CPU
		{0091C8B4-9423-4821-A5C2-C7502C72791E}.Debug|Any CPU.Build.0 = Debug|Any CPU
		{0091C8B4-9423-4821-A5C2-C7502C72791E}.Release|Any CPU.ActiveCfg = Release|Any CPU
		{0091C8B4-9423-4821-A5C2-C7502C72791E}.Release|Any CPU.Build.0 = Release|Any CPU
	EndGlobalSection
	GlobalSection(SolutionProperties) = preSolution
		HideSolutionNode = FALSE
	EndGlobalSection
	GlobalSection(ExtensibilityGlobals) = postSolution
		SolutionGuid = {6336F99E-95A4-41D5-A8E3-CAEB9F638F18}
	EndGlobalSection
EndGlobal
